// !$*UTF8*$!
{
	archiveVersion = 1;
	classes = {
	};
	objectVersion = 77;
	objects = {

/* Begin PBXBuildFile section */
		DA50F9862EF725E500B3D3C7 /* GoogleService-Info.plist in Resources */ = {isa = PBXBuildFile; fileRef = DA50F9852EF725E500B3D3C7 /* GoogleService-Info.plist */; };
		DA50FA2B2EF8424500B3D3C7 /* InteractionModel.swift in Sources */ = {isa = PBXBuildFile; fileRef = DA50FA132EF8424500B3D3C7 /* InteractionModel.swift */; };
		DA50FA2C2EF8424500B3D3C7 /* AudioEngine.swift in Sources */ = {isa = PBXBuildFile; fileRef = DA50FA142EF8424500B3D3C7 /* AudioEngine.swift */; };
		DA50FA2D2EF8424500B3D3C7 /* GameData.swift in Sources */ = {isa = PBXBuildFile; fileRef = DA50FA152EF8424500B3D3C7 /* GameData.swift */; };
		DA50FA2E2EF8424500B3D3C7 /* GameManager.swift in Sources */ = {isa = PBXBuildFile; fileRef = DA50FA162EF8424500B3D3C7 /* GameManager.swift */; };
		DA50FA2F2EF8424500B3D3C7 /* GameNotification.swift in Sources */ = {isa = PBXBuildFile; fileRef = DA50FA172EF8424500B3D3C7 /* GameNotification.swift */; };
		DA50FA302EF8424500B3D3C7 /* VolumeObserver.swift in Sources */ = {isa = PBXBuildFile; fileRef = DA50FA182EF8424500B3D3C7 /* VolumeObserver.swift */; };
		DA50FA312EF8424500B3D3C7 /* CombatLogic.swift in Sources */ = {isa = PBXBuildFile; fileRef = DA50FA1A2EF8424500B3D3C7 /* CombatLogic.swift */; };
		DA50FA322EF8424500B3D3C7 /* ShopModels.swift in Sources */ = {isa = PBXBuildFile; fileRef = DA50FA1B2EF8424500B3D3C7 /* ShopModels.swift */; };
		DA50FA332EF8424500B3D3C7 /* StyleConstants.swift in Sources */ = {isa = PBXBuildFile; fileRef = DA50FA1D2EF8424500B3D3C7 /* StyleConstants.swift */; };
		DA50FA342EF8424500B3D3C7 /* ContentView.swift in Sources */ = {isa = PBXBuildFile; fileRef = DA50FA1F2EF8424500B3D3C7 /* ContentView.swift */; };
		DA50FA352EF8424500B3D3C7 /* DebugView.swift in Sources */ = {isa = PBXBuildFile; fileRef = DA50FA202EF8424500B3D3C7 /* DebugView.swift */; };
		DA50FA362EF8424500B3D3C7 /* InteractionsView.swift in Sources */ = {isa = PBXBuildFile; fileRef = DA50FA212EF8424500B3D3C7 /* InteractionsView.swift */; };
		DA50FA372EF8424500B3D3C7 /* InventoryView.swift in Sources */ = {isa = PBXBuildFile; fileRef = DA50FA222EF8424500B3D3C7 /* InventoryView.swift */; };
		DA50FA382EF8424500B3D3C7 /* LeaderboardView.swift in Sources */ = {isa = PBXBuildFile; fileRef = DA50FA232EF8424500B3D3C7 /* LeaderboardView.swift */; };
		DA50FA392EF8424500B3D3C7 /* NotificationOverlay.swift in Sources */ = {isa = PBXBuildFile; fileRef = DA50FA242EF8424500B3D3C7 /* NotificationOverlay.swift */; };
		DA50FA3A2EF8424500B3D3C7 /* ShopView.swift in Sources */ = {isa = PBXBuildFile; fileRef = DA50FA252EF8424500B3D3C7 /* ShopView.swift */; };
		DA50FA3B2EF8424500B3D3C7 /* StatsView.swift in Sources */ = {isa = PBXBuildFile; fileRef = DA50FA262EF8424500B3D3C7 /* StatsView.swift */; };
		DA50FA3C2EF8424500B3D3C7 /* BoutonProutApp.swift in Sources */ = {isa = PBXBuildFile; fileRef = DA50FA282EF8424500B3D3C7 /* BoutonProutApp.swift */; };
		DA50FA3F2EF8510A00B3D3C7 /* SocialManager.swift in Sources */ = {isa = PBXBuildFile; fileRef = DA50FA3D2EF8510300B3D3C7 /* SocialManager.swift */; };
		DA50FA712EF85EA200B3D3C7 /* MainButtonView.swift in Sources */ = {isa = PBXBuildFile; fileRef = DA50FA702EF85E9B00B3D3C7 /* MainButtonView.swift */; };
		DA50FA732EF8634900B3D3C7 /* PoopRainView.swift in Sources */ = {isa = PBXBuildFile; fileRef = DA50FA722EF8634300B3D3C7 /* PoopRainView.swift */; };
		DA50FA752EF864A300B3D3C7 /* FallingPoop.swift in Sources */ = {isa = PBXBuildFile; fileRef = DA50FA742EF864A000B3D3C7 /* FallingPoop.swift */; };
		DA50FA772EF864F300B3D3C7 /* PoopEntityManager.swift in Sources */ = {isa = PBXBuildFile; fileRef = DA50FA762EF864EE00B3D3C7 /* PoopEntityManager.swift */; };
		DA50FA792EF8715100B3D3C7 /* GameTimerManager.swift in Sources */ = {isa = PBXBuildFile; fileRef = DA50FA782EF8714B00B3D3C7 /* GameTimerManager.swift */; };
		DA50FA8D2EF9F12D00B3D3C7 /* CloudConfigManager.swift in Sources */ = {isa = PBXBuildFile; fileRef = DA50FA8C2EF9F12700B3D3C7 /* CloudConfigManager.swift */; };
		DA50FAA92EFD51BD00B3D3C7 /* EconomyEngine.swift in Sources */ = {isa = PBXBuildFile; fileRef = DA50FAA82EFD51BA00B3D3C7 /* EconomyEngine.swift */; };
		DA50FAAB2EFD521D00B3D3C7 /* CombatEngine.swift in Sources */ = {isa = PBXBuildFile; fileRef = DA50FAAA2EFD521900B3D3C7 /* CombatEngine.swift */; };
		DA50FAAF2EFD630700B3D3C7 /* AuthManager.swift in Sources */ = {isa = PBXBuildFile; fileRef = DA50FAAE2EFD630400B3D3C7 /* AuthManager.swift */; };
		DA50FAB12EFD658300B3D3C7 /* FirebaseAuth in Frameworks */ = {isa = PBXBuildFile; productRef = DA50FAB02EFD658300B3D3C7 /* FirebaseAuth */; };
		DA50FAB32EFD69EF00B3D3C7 /* SquadModel.swift in Sources */ = {isa = PBXBuildFile; fileRef = DA50FAB22EFD69E800B3D3C7 /* SquadModel.swift */; };
		DA50FAB52EFD6A0B00B3D3C7 /* SquadManager.swift in Sources */ = {isa = PBXBuildFile; fileRef = DA50FAB42EFD69FF00B3D3C7 /* SquadManager.swift */; };
		DA50FAB72EFD85C200B3D3C7 /* SquadView.swift in Sources */ = {isa = PBXBuildFile; fileRef = DA50FAB62EFD857600B3D3C7 /* SquadView.swift */; };
		DABAA68A2EF0619E009CEAB4 /* FirebaseCore in Frameworks */ = {isa = PBXBuildFile; productRef = DABAA6892EF0619E009CEAB4 /* FirebaseCore */; };
		DABAA68C2EF0619E009CEAB4 /* FirebaseDatabase in Frameworks */ = {isa = PBXBuildFile; productRef = DABAA68B2EF0619E009CEAB4 /* FirebaseDatabase */; };
/* End PBXBuildFile section */

/* Begin PBXContainerItemProxy section */
		DAE0EA362EEEF6A500A43D8A /* PBXContainerItemProxy */ = {
			isa = PBXContainerItemProxy;
			containerPortal = DAE0EA202EEEF6A200A43D8A /* Project object */;
			proxyType = 1;
			remoteGlobalIDString = DAE0EA272EEEF6A200A43D8A;
			remoteInfo = BoutonProut;
		};
		DAE0EA402EEEF6A500A43D8A /* PBXContainerItemProxy */ = {
			isa = PBXContainerItemProxy;
			containerPortal = DAE0EA202EEEF6A200A43D8A /* Project object */;
			proxyType = 1;
			remoteGlobalIDString = DAE0EA272EEEF6A200A43D8A;
			remoteInfo = BoutonProut;
		};
/* End PBXContainerItemProxy section */

/* Begin PBXFileReference section */
		DA50F9852EF725E500B3D3C7 /* GoogleService-Info.plist */ = {isa = PBXFileReference; lastKnownFileType = text.plist.xml; path = "GoogleService-Info.plist"; sourceTree = "<group>"; };
		DA50FA132EF8424500B3D3C7 /* InteractionModel.swift */ = {isa = PBXFileReference; lastKnownFileType = sourcecode.swift; path = InteractionModel.swift; sourceTree = "<group>"; };
		DA50FA142EF8424500B3D3C7 /* AudioEngine.swift */ = {isa = PBXFileReference; lastKnownFileType = sourcecode.swift; path = AudioEngine.swift; sourceTree = "<group>"; };
		DA50FA152EF8424500B3D3C7 /* GameData.swift */ = {isa = PBXFileReference; lastKnownFileType = sourcecode.swift; path = GameData.swift; sourceTree = "<group>"; };
		DA50FA162EF8424500B3D3C7 /* GameManager.swift */ = {isa = PBXFileReference; lastKnownFileType = sourcecode.swift; path = GameManager.swift; sourceTree = "<group>"; };
		DA50FA172EF8424500B3D3C7 /* GameNotification.swift */ = {isa = PBXFileReference; lastKnownFileType = sourcecode.swift; path = GameNotification.swift; sourceTree = "<group>"; };
		DA50FA182EF8424500B3D3C7 /* VolumeObserver.swift */ = {isa = PBXFileReference; lastKnownFileType = sourcecode.swift; path = VolumeObserver.swift; sourceTree = "<group>"; };
		DA50FA1A2EF8424500B3D3C7 /* CombatLogic.swift */ = {isa = PBXFileReference; lastKnownFileType = sourcecode.swift; path = CombatLogic.swift; sourceTree = "<group>"; };
		DA50FA1B2EF8424500B3D3C7 /* ShopModels.swift */ = {isa = PBXFileReference; lastKnownFileType = sourcecode.swift; path = ShopModels.swift; sourceTree = "<group>"; };
		DA50FA1D2EF8424500B3D3C7 /* StyleConstants.swift */ = {isa = PBXFileReference; lastKnownFileType = sourcecode.swift; path = StyleConstants.swift; sourceTree = "<group>"; };
		DA50FA1F2EF8424500B3D3C7 /* ContentView.swift */ = {isa = PBXFileReference; lastKnownFileType = sourcecode.swift; path = ContentView.swift; sourceTree = "<group>"; };
		DA50FA202EF8424500B3D3C7 /* DebugView.swift */ = {isa = PBXFileReference; lastKnownFileType = sourcecode.swift; path = DebugView.swift; sourceTree = "<group>"; };
		DA50FA212EF8424500B3D3C7 /* InteractionsView.swift */ = {isa = PBXFileReference; lastKnownFileType = sourcecode.swift; path = InteractionsView.swift; sourceTree = "<group>"; };
		DA50FA222EF8424500B3D3C7 /* InventoryView.swift */ = {isa = PBXFileReference; lastKnownFileType = sourcecode.swift; path = InventoryView.swift; sourceTree = "<group>"; };
		DA50FA232EF8424500B3D3C7 /* LeaderboardView.swift */ = {isa = PBXFileReference; lastKnownFileType = sourcecode.swift; path = LeaderboardView.swift; sourceTree = "<group>"; };
		DA50FA242EF8424500B3D3C7 /* NotificationOverlay.swift */ = {isa = PBXFileReference; lastKnownFileType = sourcecode.swift; path = NotificationOverlay.swift; sourceTree = "<group>"; };
		DA50FA252EF8424500B3D3C7 /* ShopView.swift */ = {isa = PBXFileReference; lastKnownFileType = sourcecode.swift; path = ShopView.swift; sourceTree = "<group>"; };
		DA50FA262EF8424500B3D3C7 /* StatsView.swift */ = {isa = PBXFileReference; lastKnownFileType = sourcecode.swift; path = StatsView.swift; sourceTree = "<group>"; };
		DA50FA282EF8424500B3D3C7 /* BoutonProutApp.swift */ = {isa = PBXFileReference; lastKnownFileType = sourcecode.swift; path = BoutonProutApp.swift; sourceTree = "<group>"; };
		DA50FA3D2EF8510300B3D3C7 /* SocialManager.swift */ = {isa = PBXFileReference; lastKnownFileType = sourcecode.swift; path = SocialManager.swift; sourceTree = "<group>"; };
		DA50FA702EF85E9B00B3D3C7 /* MainButtonView.swift */ = {isa = PBXFileReference; lastKnownFileType = sourcecode.swift; path = MainButtonView.swift; sourceTree = "<group>"; };
		DA50FA722EF8634300B3D3C7 /* PoopRainView.swift */ = {isa = PBXFileReference; lastKnownFileType = sourcecode.swift; path = PoopRainView.swift; sourceTree = "<group>"; };
		DA50FA742EF864A000B3D3C7 /* FallingPoop.swift */ = {isa = PBXFileReference; lastKnownFileType = sourcecode.swift; path = FallingPoop.swift; sourceTree = "<group>"; };
		DA50FA762EF864EE00B3D3C7 /* PoopEntityManager.swift */ = {isa = PBXFileReference; lastKnownFileType = sourcecode.swift; path = PoopEntityManager.swift; sourceTree = "<group>"; };
		DA50FA782EF8714B00B3D3C7 /* GameTimerManager.swift */ = {isa = PBXFileReference; lastKnownFileType = sourcecode.swift; path = GameTimerManager.swift; sourceTree = "<group>"; };
		DA50FA8C2EF9F12700B3D3C7 /* CloudConfigManager.swift */ = {isa = PBXFileReference; lastKnownFileType = sourcecode.swift; path = CloudConfigManager.swift; sourceTree = "<group>"; };
		DA50FAA82EFD51BA00B3D3C7 /* EconomyEngine.swift */ = {isa = PBXFileReference; lastKnownFileType = sourcecode.swift; path = EconomyEngine.swift; sourceTree = "<group>"; };
		DA50FAAA2EFD521900B3D3C7 /* CombatEngine.swift */ = {isa = PBXFileReference; lastKnownFileType = sourcecode.swift; path = CombatEngine.swift; sourceTree = "<group>"; };
		DA50FAAE2EFD630400B3D3C7 /* AuthManager.swift */ = {isa = PBXFileReference; lastKnownFileType = sourcecode.swift; path = AuthManager.swift; sourceTree = "<group>"; };
		DA50FAB22EFD69E800B3D3C7 /* SquadModel.swift */ = {isa = PBXFileReference; lastKnownFileType = sourcecode.swift; path = SquadModel.swift; sourceTree = "<group>"; };
		DA50FAB42EFD69FF00B3D3C7 /* SquadManager.swift */ = {isa = PBXFileReference; lastKnownFileType = sourcecode.swift; path = SquadManager.swift; sourceTree = "<group>"; };
		DA50FAB62EFD857600B3D3C7 /* SquadView.swift */ = {isa = PBXFileReference; lastKnownFileType = sourcecode.swift; path = SquadView.swift; sourceTree = "<group>"; };
		DAE0EA282EEEF6A200A43D8A /* ClicProut.app */ = {isa = PBXFileReference; explicitFileType = wrapper.application; includeInIndex = 0; path = ClicProut.app; sourceTree = BUILT_PRODUCTS_DIR; };
		DAE0EA352EEEF6A500A43D8A /* ClicProutTests.xctest */ = {isa = PBXFileReference; explicitFileType = wrapper.cfbundle; includeInIndex = 0; path = ClicProutTests.xctest; sourceTree = BUILT_PRODUCTS_DIR; };
		DAE0EA3F2EEEF6A500A43D8A /* ClicProutUITests.xctest */ = {isa = PBXFileReference; explicitFileType = wrapper.cfbundle; includeInIndex = 0; path = ClicProutUITests.xctest; sourceTree = BUILT_PRODUCTS_DIR; };
		DAE0EA592EEEFB7F00A43D8A /* AVFoundation.framework */ = {isa = PBXFileReference; lastKnownFileType = wrapper.framework; name = AVFoundation.framework; path = System/Library/Frameworks/AVFoundation.framework; sourceTree = SDKROOT; };
/* End PBXFileReference section */

/* Begin PBXFileSystemSynchronizedRootGroup section */
		DA50FA632EF85DC100B3D3C7 /* FartSounds */ = {
			isa = PBXFileSystemSynchronizedRootGroup;
			path = FartSounds;
			sourceTree = "<group>";
		};
		DA50FA6D2EF85DCB00B3D3C7 /* AppIcons */ = {
			isa = PBXFileSystemSynchronizedRootGroup;
			path = AppIcons;
			sourceTree = "<group>";
		};
/* End PBXFileSystemSynchronizedRootGroup section */

/* Begin PBXFrameworksBuildPhase section */
		DAE0EA252EEEF6A200A43D8A /* Frameworks */ = {
			isa = PBXFrameworksBuildPhase;
			buildActionMask = 2147483647;
			files = (
				DABAA68C2EF0619E009CEAB4 /* FirebaseDatabase in Frameworks */,
				DA50FAB12EFD658300B3D3C7 /* FirebaseAuth in Frameworks */,
				DABAA68A2EF0619E009CEAB4 /* FirebaseCore in Frameworks */,
			);
			runOnlyForDeploymentPostprocessing = 0;
		};
		DAE0EA322EEEF6A500A43D8A /* Frameworks */ = {
			isa = PBXFrameworksBuildPhase;
			buildActionMask = 2147483647;
			files = (
			);
			runOnlyForDeploymentPostprocessing = 0;
		};
		DAE0EA3C2EEEF6A500A43D8A /* Frameworks */ = {
			isa = PBXFrameworksBuildPhase;
			buildActionMask = 2147483647;
			files = (
			);
			runOnlyForDeploymentPostprocessing = 0;
		};
/* End PBXFrameworksBuildPhase section */

/* Begin PBXGroup section */
		DA50FA532EF85C8C00B3D3C7 /* App */ = {
			isa = PBXGroup;
			children = (
				DA50FA282EF8424500B3D3C7 /* BoutonProutApp.swift */,
				DA50F9852EF725E500B3D3C7 /* GoogleService-Info.plist */,
			);
			path = App;
			sourceTree = "<group>";
		};
		DA50FA542EF85C9800B3D3C7 /* Models */ = {
			isa = PBXGroup;
			children = (
				DA50FAB22EFD69E800B3D3C7 /* SquadModel.swift */,
				DA50FA742EF864A000B3D3C7 /* FallingPoop.swift */,
				DA50FA172EF8424500B3D3C7 /* GameNotification.swift */,
				DA50FA132EF8424500B3D3C7 /* InteractionModel.swift */,
				DA50FA1B2EF8424500B3D3C7 /* ShopModels.swift */,
			);
			path = Models;
			sourceTree = "<group>";
		};
		DA50FA552EF85CB000B3D3C7 /* Managers */ = {
			isa = PBXGroup;
			children = (
				DA50FAB42EFD69FF00B3D3C7 /* SquadManager.swift */,
				DA50FAAE2EFD630400B3D3C7 /* AuthManager.swift */,
				DA50FAAA2EFD521900B3D3C7 /* CombatEngine.swift */,
				DA50FAA82EFD51BA00B3D3C7 /* EconomyEngine.swift */,
				DA50FA8C2EF9F12700B3D3C7 /* CloudConfigManager.swift */,
				DA50FA3D2EF8510300B3D3C7 /* SocialManager.swift */,
				DA50FA782EF8714B00B3D3C7 /* GameTimerManager.swift */,
				DA50FA152EF8424500B3D3C7 /* GameData.swift */,
				DA50FA762EF864EE00B3D3C7 /* PoopEntityManager.swift */,
				DA50FA142EF8424500B3D3C7 /* AudioEngine.swift */,
				DA50FA1A2EF8424500B3D3C7 /* CombatLogic.swift */,
				DA50FA162EF8424500B3D3C7 /* GameManager.swift */,
			);
			path = Managers;
			sourceTree = "<group>";
		};
		DA50FA562EF85CD000B3D3C7 /* View */ = {
			isa = PBXGroup;
			children = (
				DA50FA572EF85D0600B3D3C7 /* Main */,
				DA50FA582EF85D0F00B3D3C7 /* Menus */,
				DA50FA592EF85D3F00B3D3C7 /* Components */,
				DA50FA5A2EF85D9500B3D3C7 /* Debug */,
			);
			path = View;
			sourceTree = "<group>";
		};
		DA50FA572EF85D0600B3D3C7 /* Main */ = {
			isa = PBXGroup;
			children = (
				DA50FA1F2EF8424500B3D3C7 /* ContentView.swift */,
			);
			path = Main;
			sourceTree = "<group>";
		};
		DA50FA582EF85D0F00B3D3C7 /* Menus */ = {
			isa = PBXGroup;
			children = (
				DA50FAB62EFD857600B3D3C7 /* SquadView.swift */,
				DA50FA262EF8424500B3D3C7 /* StatsView.swift */,
				DA50FA232EF8424500B3D3C7 /* LeaderboardView.swift */,
				DA50FA212EF8424500B3D3C7 /* InteractionsView.swift */,
				DA50FA222EF8424500B3D3C7 /* InventoryView.swift */,
				DA50FA252EF8424500B3D3C7 /* ShopView.swift */,
			);
			path = Menus;
			sourceTree = "<group>";
		};
		DA50FA592EF85D3F00B3D3C7 /* Components */ = {
			isa = PBXGroup;
			children = (
				DA50FA722EF8634300B3D3C7 /* PoopRainView.swift */,
				DA50FA702EF85E9B00B3D3C7 /* MainButtonView.swift */,
				DA50FA182EF8424500B3D3C7 /* VolumeObserver.swift */,
				DA50FA242EF8424500B3D3C7 /* NotificationOverlay.swift */,
			);
			path = Components;
			sourceTree = "<group>";
		};
		DA50FA5A2EF85D9500B3D3C7 /* Debug */ = {
			isa = PBXGroup;
			children = (
				DA50FA202EF8424500B3D3C7 /* DebugView.swift */,
			);
			path = Debug;
			sourceTree = "<group>";
		};
		DA50FA5B2EF85DA500B3D3C7 /* Resources */ = {
			isa = PBXGroup;
			children = (
				DA50FA6D2EF85DCB00B3D3C7 /* AppIcons */,
				DA50FA632EF85DC100B3D3C7 /* FartSounds */,
				DA50FA1D2EF8424500B3D3C7 /* StyleConstants.swift */,
			);
			path = Resources;
			sourceTree = "<group>";
		};
		DAE0EA1F2EEEF6A200A43D8A = {
			isa = PBXGroup;
			children = (
				DA50FA5B2EF85DA500B3D3C7 /* Resources */,
				DA50FA562EF85CD000B3D3C7 /* View */,
				DA50FA552EF85CB000B3D3C7 /* Managers */,
				DA50FA542EF85C9800B3D3C7 /* Models */,
				DA50FA532EF85C8C00B3D3C7 /* App */,
				DAE0EA562EEEF91600A43D8A /* Frameworks */,
				DAE0EA292EEEF6A200A43D8A /* Products */,
			);
			sourceTree = "<group>";
		};
		DAE0EA292EEEF6A200A43D8A /* Products */ = {
			isa = PBXGroup;
			children = (
				DAE0EA282EEEF6A200A43D8A /* ClicProut.app */,
				DAE0EA352EEEF6A500A43D8A /* ClicProutTests.xctest */,
				DAE0EA3F2EEEF6A500A43D8A /* ClicProutUITests.xctest */,
			);
			name = Products;
			sourceTree = "<group>";
		};
		DAE0EA562EEEF91600A43D8A /* Frameworks */ = {
			isa = PBXGroup;
			children = (
				DAE0EA592EEEFB7F00A43D8A /* AVFoundation.framework */,
			);
			name = Frameworks;
			sourceTree = "<group>";
		};
/* End PBXGroup section */

/* Begin PBXNativeTarget section */
		DAE0EA272EEEF6A200A43D8A /* ClicProut */ = {
			isa = PBXNativeTarget;
			buildConfigurationList = DAE0EA492EEEF6A500A43D8A /* Build configuration list for PBXNativeTarget "ClicProut" */;
			buildPhases = (
				DAE0EA242EEEF6A200A43D8A /* Sources */,
				DAE0EA252EEEF6A200A43D8A /* Frameworks */,
				DAE0EA262EEEF6A200A43D8A /* Resources */,
			);
			buildRules = (
			);
			dependencies = (
			);
			fileSystemSynchronizedGroups = (
				DA50FA632EF85DC100B3D3C7 /* FartSounds */,
				DA50FA6D2EF85DCB00B3D3C7 /* AppIcons */,
			);
			name = ClicProut;
			packageProductDependencies = (
				DABAA6892EF0619E009CEAB4 /* FirebaseCore */,
				DABAA68B2EF0619E009CEAB4 /* FirebaseDatabase */,
				DA50FAB02EFD658300B3D3C7 /* FirebaseAuth */,
			);
			productName = BoutonProut;
			productReference = DAE0EA282EEEF6A200A43D8A /* ClicProut.app */;
			productType = "com.apple.product-type.application";
		};
		DAE0EA342EEEF6A500A43D8A /* ClicProutTests */ = {
			isa = PBXNativeTarget;
			buildConfigurationList = DAE0EA4C2EEEF6A500A43D8A /* Build configuration list for PBXNativeTarget "ClicProutTests" */;
			buildPhases = (
				DAE0EA312EEEF6A500A43D8A /* Sources */,
				DAE0EA322EEEF6A500A43D8A /* Frameworks */,
				DAE0EA332EEEF6A500A43D8A /* Resources */,
			);
			buildRules = (
			);
			dependencies = (
				DAE0EA372EEEF6A500A43D8A /* PBXTargetDependency */,
			);
			name = ClicProutTests;
			packageProductDependencies = (
			);
			productName = BoutonProutTests;
			productReference = DAE0EA352EEEF6A500A43D8A /* ClicProutTests.xctest */;
			productType = "com.apple.product-type.bundle.unit-test";
		};
		DAE0EA3E2EEEF6A500A43D8A /* ClicProutUITests */ = {
			isa = PBXNativeTarget;
			buildConfigurationList = DAE0EA4F2EEEF6A500A43D8A /* Build configuration list for PBXNativeTarget "ClicProutUITests" */;
			buildPhases = (
				DAE0EA3B2EEEF6A500A43D8A /* Sources */,
				DAE0EA3C2EEEF6A500A43D8A /* Frameworks */,
				DAE0EA3D2EEEF6A500A43D8A /* Resources */,
			);
			buildRules = (
			);
			dependencies = (
				DAE0EA412EEEF6A500A43D8A /* PBXTargetDependency */,
			);
			name = ClicProutUITests;
			packageProductDependencies = (
			);
			productName = BoutonProutUITests;
			productReference = DAE0EA3F2EEEF6A500A43D8A /* ClicProutUITests.xctest */;
			productType = "com.apple.product-type.bundle.ui-testing";
		};
/* End PBXNativeTarget section */

/* Begin PBXProject section */
		DAE0EA202EEEF6A200A43D8A /* Project object */ = {
			isa = PBXProject;
			attributes = {
				BuildIndependentTargetsInParallel = 1;
				LastSwiftUpdateCheck = 2610;
				LastUpgradeCheck = 2610;
				TargetAttributes = {
					DAE0EA272EEEF6A200A43D8A = {
						CreatedOnToolsVersion = 26.1.1;
					};
					DAE0EA342EEEF6A500A43D8A = {
						CreatedOnToolsVersion = 26.1.1;
						TestTargetID = DAE0EA272EEEF6A200A43D8A;
					};
					DAE0EA3E2EEEF6A500A43D8A = {
						CreatedOnToolsVersion = 26.1.1;
						TestTargetID = DAE0EA272EEEF6A200A43D8A;
					};
				};
			};
			buildConfigurationList = DAE0EA232EEEF6A200A43D8A /* Build configuration list for PBXProject "ClicProut" */;
			developmentRegion = en;
			hasScannedForEncodings = 0;
			knownRegions = (
				en,
				Base,
			);
			mainGroup = DAE0EA1F2EEEF6A200A43D8A;
			minimizedProjectReferenceProxies = 1;
			packageReferences = (
				DABAA6862EF05CB6009CEAB4 /* XCRemoteSwiftPackageReference "firebase-ios-sdk" */,
			);
			preferredProjectObjectVersion = 77;
			productRefGroup = DAE0EA292EEEF6A200A43D8A /* Products */;
			projectDirPath = "";
			projectRoot = "";
			targets = (
				DAE0EA272EEEF6A200A43D8A /* ClicProut */,
				DAE0EA342EEEF6A500A43D8A /* ClicProutTests */,
				DAE0EA3E2EEEF6A500A43D8A /* ClicProutUITests */,
			);
		};
/* End PBXProject section */

/* Begin PBXResourcesBuildPhase section */
		DAE0EA262EEEF6A200A43D8A /* Resources */ = {
			isa = PBXResourcesBuildPhase;
			buildActionMask = 2147483647;
			files = (
				DA50F9862EF725E500B3D3C7 /* GoogleService-Info.plist in Resources */,
			);
			runOnlyForDeploymentPostprocessing = 0;
		};
		DAE0EA332EEEF6A500A43D8A /* Resources */ = {
			isa = PBXResourcesBuildPhase;
			buildActionMask = 2147483647;
			files = (
			);
			runOnlyForDeploymentPostprocessing = 0;
		};
		DAE0EA3D2EEEF6A500A43D8A /* Resources */ = {
			isa = PBXResourcesBuildPhase;
			buildActionMask = 2147483647;
			files = (
			);
			runOnlyForDeploymentPostprocessing = 0;
		};
/* End PBXResourcesBuildPhase section */

/* Begin PBXSourcesBuildPhase section */
		DAE0EA242EEEF6A200A43D8A /* Sources */ = {
			isa = PBXSourcesBuildPhase;
			buildActionMask = 2147483647;
			files = (
				DA50FA2B2EF8424500B3D3C7 /* InteractionModel.swift in Sources */,
				DA50FAAF2EFD630700B3D3C7 /* AuthManager.swift in Sources */,
				DA50FA752EF864A300B3D3C7 /* FallingPoop.swift in Sources */,
				DA50FA3F2EF8510A00B3D3C7 /* SocialManager.swift in Sources */,
				DA50FA2C2EF8424500B3D3C7 /* AudioEngine.swift in Sources */,
				DA50FA2D2EF8424500B3D3C7 /* GameData.swift in Sources */,
				DA50FA2E2EF8424500B3D3C7 /* GameManager.swift in Sources */,
				DA50FA2F2EF8424500B3D3C7 /* GameNotification.swift in Sources */,
				DA50FA302EF8424500B3D3C7 /* VolumeObserver.swift in Sources */,
				DA50FA712EF85EA200B3D3C7 /* MainButtonView.swift in Sources */,
				DA50FA312EF8424500B3D3C7 /* CombatLogic.swift in Sources */,
				DA50FA322EF8424500B3D3C7 /* ShopModels.swift in Sources */,
				DA50FA772EF864F300B3D3C7 /* PoopEntityManager.swift in Sources */,
				DA50FA332EF8424500B3D3C7 /* StyleConstants.swift in Sources */,
				DA50FAB72EFD85C200B3D3C7 /* SquadView.swift in Sources */,
				DA50FAAB2EFD521D00B3D3C7 /* CombatEngine.swift in Sources */,
				DA50FA342EF8424500B3D3C7 /* ContentView.swift in Sources */,
				DA50FAA92EFD51BD00B3D3C7 /* EconomyEngine.swift in Sources */,
				DA50FA352EF8424500B3D3C7 /* DebugView.swift in Sources */,
				DA50FA362EF8424500B3D3C7 /* InteractionsView.swift in Sources */,
				DA50FA8D2EF9F12D00B3D3C7 /* CloudConfigManager.swift in Sources */,
				DA50FA372EF8424500B3D3C7 /* InventoryView.swift in Sources */,
				DA50FAB32EFD69EF00B3D3C7 /* SquadModel.swift in Sources */,
				DA50FAB52EFD6A0B00B3D3C7 /* SquadManager.swift in Sources */,
				DA50FA382EF8424500B3D3C7 /* LeaderboardView.swift in Sources */,
				DA50FA392EF8424500B3D3C7 /* NotificationOverlay.swift in Sources */,
				DA50FA3A2EF8424500B3D3C7 /* ShopView.swift in Sources */,
				DA50FA732EF8634900B3D3C7 /* PoopRainView.swift in Sources */,
				DA50FA3B2EF8424500B3D3C7 /* StatsView.swift in Sources */,
				DA50FA3C2EF8424500B3D3C7 /* BoutonProutApp.swift in Sources */,
				DA50FA792EF8715100B3D3C7 /* GameTimerManager.swift in Sources */,
			);
			runOnlyForDeploymentPostprocessing = 0;
		};
		DAE0EA312EEEF6A500A43D8A /* Sources */ = {
			isa = PBXSourcesBuildPhase;
			buildActionMask = 2147483647;
			files = (
			);
			runOnlyForDeploymentPostprocessing = 0;
		};
		DAE0EA3B2EEEF6A500A43D8A /* Sources */ = {
			isa = PBXSourcesBuildPhase;
			buildActionMask = 2147483647;
			files = (
			);
			runOnlyForDeploymentPostprocessing = 0;
		};
/* End PBXSourcesBuildPhase section */

/* Begin PBXTargetDependency section */
		DAE0EA372EEEF6A500A43D8A /* PBXTargetDependency */ = {
			isa = PBXTargetDependency;
			target = DAE0EA272EEEF6A200A43D8A /* ClicProut */;
			targetProxy = DAE0EA362EEEF6A500A43D8A /* PBXContainerItemProxy */;
		};
		DAE0EA412EEEF6A500A43D8A /* PBXTargetDependency */ = {
			isa = PBXTargetDependency;
			target = DAE0EA272EEEF6A200A43D8A /* ClicProut */;
			targetProxy = DAE0EA402EEEF6A500A43D8A /* PBXContainerItemProxy */;
		};
/* End PBXTargetDependency section */

/* Begin XCBuildConfiguration section */
		DAE0EA472EEEF6A500A43D8A /* Debug */ = {
			isa = XCBuildConfiguration;
			buildSettings = {
				ALWAYS_SEARCH_USER_PATHS = NO;
				ASSETCATALOG_COMPILER_GENERATE_SWIFT_ASSET_SYMBOL_EXTENSIONS = YES;
				CLANG_ANALYZER_NONNULL = YES;
				CLANG_ANALYZER_NUMBER_OBJECT_CONVERSION = YES_AGGRESSIVE;
				CLANG_CXX_LANGUAGE_STANDARD = "gnu++20";
				CLANG_ENABLE_MODULES = YES;
				CLANG_ENABLE_OBJC_ARC = YES;
				CLANG_ENABLE_OBJC_WEAK = YES;
				CLANG_WARN_BLOCK_CAPTURE_AUTORELEASING = YES;
				CLANG_WARN_BOOL_CONVERSION = YES;
				CLANG_WARN_COMMA = YES;
				CLANG_WARN_CONSTANT_CONVERSION = YES;
				CLANG_WARN_DEPRECATED_OBJC_IMPLEMENTATIONS = YES;
				CLANG_WARN_DIRECT_OBJC_ISA_USAGE = YES_ERROR;
				CLANG_WARN_DOCUMENTATION_COMMENTS = YES;
				CLANG_WARN_EMPTY_BODY = YES;
				CLANG_WARN_ENUM_CONVERSION = YES;
				CLANG_WARN_INFINITE_RECURSION = YES;
				CLANG_WARN_INT_CONVERSION = YES;
				CLANG_WARN_NON_LITERAL_NULL_CONVERSION = YES;
				CLANG_WARN_OBJC_IMPLICIT_RETAIN_SELF = YES;
				CLANG_WARN_OBJC_LITERAL_CONVERSION = YES;
				CLANG_WARN_OBJC_ROOT_CLASS = YES_ERROR;
				CLANG_WARN_QUOTED_INCLUDE_IN_FRAMEWORK_HEADER = YES;
				CLANG_WARN_RANGE_LOOP_ANALYSIS = YES;
				CLANG_WARN_STRICT_PROTOTYPES = YES;
				CLANG_WARN_SUSPICIOUS_MOVE = YES;
				CLANG_WARN_UNGUARDED_AVAILABILITY = YES_AGGRESSIVE;
				CLANG_WARN_UNREACHABLE_CODE = YES;
				CLANG_WARN__DUPLICATE_METHOD_MATCH = YES;
				COPY_PHASE_STRIP = NO;
				DEBUG_INFORMATION_FORMAT = dwarf;
				DEVELOPMENT_TEAM = 62J69A2FA3;
				ENABLE_STRICT_OBJC_MSGSEND = YES;
				ENABLE_TESTABILITY = YES;
				ENABLE_USER_SCRIPT_SANDBOXING = YES;
				GCC_C_LANGUAGE_STANDARD = gnu17;
				GCC_DYNAMIC_NO_PIC = NO;
				GCC_NO_COMMON_BLOCKS = YES;
				GCC_OPTIMIZATION_LEVEL = 0;
				GCC_PREPROCESSOR_DEFINITIONS = (
					"DEBUG=1",
					"$(inherited)",
				);
				GCC_WARN_64_TO_32_BIT_CONVERSION = YES;
				GCC_WARN_ABOUT_RETURN_TYPE = YES_ERROR;
				GCC_WARN_UNDECLARED_SELECTOR = YES;
				GCC_WARN_UNINITIALIZED_AUTOS = YES_AGGRESSIVE;
				GCC_WARN_UNUSED_FUNCTION = YES;
				GCC_WARN_UNUSED_VARIABLE = YES;
				IPHONEOS_DEPLOYMENT_TARGET = 26.1;
				LOCALIZATION_PREFERS_STRING_CATALOGS = YES;
				MTL_ENABLE_DEBUG_INFO = INCLUDE_SOURCE;
				MTL_FAST_MATH = YES;
				ONLY_ACTIVE_ARCH = YES;
				SDKROOT = iphoneos;
				SWIFT_ACTIVE_COMPILATION_CONDITIONS = "DEBUG $(inherited)";
				SWIFT_OPTIMIZATION_LEVEL = "-Onone";
			};
			name = Debug;
		};
		DAE0EA482EEEF6A500A43D8A /* Release */ = {
			isa = XCBuildConfiguration;
			buildSettings = {
				ALWAYS_SEARCH_USER_PATHS = NO;
				ASSETCATALOG_COMPILER_GENERATE_SWIFT_ASSET_SYMBOL_EXTENSIONS = YES;
				CLANG_ANALYZER_NONNULL = YES;
				CLANG_ANALYZER_NUMBER_OBJECT_CONVERSION = YES_AGGRESSIVE;
				CLANG_CXX_LANGUAGE_STANDARD = "gnu++20";
				CLANG_ENABLE_MODULES = YES;
				CLANG_ENABLE_OBJC_ARC = YES;
				CLANG_ENABLE_OBJC_WEAK = YES;
				CLANG_WARN_BLOCK_CAPTURE_AUTORELEASING = YES;
				CLANG_WARN_BOOL_CONVERSION = YES;
				CLANG_WARN_COMMA = YES;
				CLANG_WARN_CONSTANT_CONVERSION = YES;
				CLANG_WARN_DEPRECATED_OBJC_IMPLEMENTATIONS = YES;
				CLANG_WARN_DIRECT_OBJC_ISA_USAGE = YES_ERROR;
				CLANG_WARN_DOCUMENTATION_COMMENTS = YES;
				CLANG_WARN_EMPTY_BODY = YES;
				CLANG_WARN_ENUM_CONVERSION = YES;
				CLANG_WARN_INFINITE_RECURSION = YES;
				CLANG_WARN_INT_CONVERSION = YES;
				CLANG_WARN_NON_LITERAL_NULL_CONVERSION = YES;
				CLANG_WARN_OBJC_IMPLICIT_RETAIN_SELF = YES;
				CLANG_WARN_OBJC_LITERAL_CONVERSION = YES;
				CLANG_WARN_OBJC_ROOT_CLASS = YES_ERROR;
				CLANG_WARN_QUOTED_INCLUDE_IN_FRAMEWORK_HEADER = YES;
				CLANG_WARN_RANGE_LOOP_ANALYSIS = YES;
				CLANG_WARN_STRICT_PROTOTYPES = YES;
				CLANG_WARN_SUSPICIOUS_MOVE = YES;
				CLANG_WARN_UNGUARDED_AVAILABILITY = YES_AGGRESSIVE;
				CLANG_WARN_UNREACHABLE_CODE = YES;
				CLANG_WARN__DUPLICATE_METHOD_MATCH = YES;
				COPY_PHASE_STRIP = NO;
				DEBUG_INFORMATION_FORMAT = "dwarf-with-dsym";
				DEVELOPMENT_TEAM = 62J69A2FA3;
				ENABLE_NS_ASSERTIONS = NO;
				ENABLE_STRICT_OBJC_MSGSEND = YES;
				ENABLE_USER_SCRIPT_SANDBOXING = YES;
				GCC_C_LANGUAGE_STANDARD = gnu17;
				GCC_NO_COMMON_BLOCKS = YES;
				GCC_WARN_64_TO_32_BIT_CONVERSION = YES;
				GCC_WARN_ABOUT_RETURN_TYPE = YES_ERROR;
				GCC_WARN_UNDECLARED_SELECTOR = YES;
				GCC_WARN_UNINITIALIZED_AUTOS = YES_AGGRESSIVE;
				GCC_WARN_UNUSED_FUNCTION = YES;
				GCC_WARN_UNUSED_VARIABLE = YES;
				IPHONEOS_DEPLOYMENT_TARGET = 26.1;
				LOCALIZATION_PREFERS_STRING_CATALOGS = YES;
				MTL_ENABLE_DEBUG_INFO = NO;
				MTL_FAST_MATH = YES;
				SDKROOT = iphoneos;
				SWIFT_COMPILATION_MODE = wholemodule;
				VALIDATE_PRODUCT = YES;
			};
			name = Release;
		};
		DAE0EA4A2EEEF6A500A43D8A /* Debug */ = {
			isa = XCBuildConfiguration;
			buildSettings = {
				ASSETCATALOG_COMPILER_APPICON_NAME = AppIcon;
				ASSETCATALOG_COMPILER_GLOBAL_ACCENT_COLOR_NAME = AccentColor;
				CODE_SIGN_STYLE = Automatic;
				CURRENT_PROJECT_VERSION = 1;
				DEVELOPMENT_TEAM = 62J69A2FA3;
				ENABLE_PREVIEWS = YES;
				GENERATE_INFOPLIST_FILE = YES;
				INFOPLIST_KEY_UIApplicationSceneManifest_Generation = YES;
				INFOPLIST_KEY_UIApplicationSupportsIndirectInputEvents = YES;
				INFOPLIST_KEY_UILaunchScreen_Generation = YES;
				INFOPLIST_KEY_UISupportedInterfaceOrientations_iPad = "UIInterfaceOrientationPortrait UIInterfaceOrientationPortraitUpsideDown UIInterfaceOrientationLandscapeLeft UIInterfaceOrientationLandscapeRight";
				INFOPLIST_KEY_UISupportedInterfaceOrientations_iPhone = "UIInterfaceOrientationPortrait UIInterfaceOrientationLandscapeLeft UIInterfaceOrientationLandscapeRight";
				IPHONEOS_DEPLOYMENT_TARGET = 17.6;
				LD_RUNPATH_SEARCH_PATHS = (
					"$(inherited)",
					"@executable_path/Frameworks",
				);
				MARKETING_VERSION = 3.7;
				PRODUCT_BUNDLE_IDENTIFIER = paulserra.ClicProut;
				PRODUCT_NAME = "$(TARGET_NAME)";
				STRING_CATALOG_GENERATE_SYMBOLS = YES;
				SWIFT_APPROACHABLE_CONCURRENCY = YES;
				SWIFT_DEFAULT_ACTOR_ISOLATION = MainActor;
				SWIFT_EMIT_LOC_STRINGS = YES;
				SWIFT_UPCOMING_FEATURE_MEMBER_IMPORT_VISIBILITY = YES;
				SWIFT_VERSION = 5.0;
				TARGETED_DEVICE_FAMILY = "1,2";
			};
			name = Debug;
		};
		DAE0EA4B2EEEF6A500A43D8A /* Release */ = {
			isa = XCBuildConfiguration;
			buildSettings = {
				ASSETCATALOG_COMPILER_APPICON_NAME = AppIcon;
				ASSETCATALOG_COMPILER_GLOBAL_ACCENT_COLOR_NAME = AccentColor;
				CODE_SIGN_STYLE = Automatic;
				CURRENT_PROJECT_VERSION = 1;
				DEVELOPMENT_TEAM = 62J69A2FA3;
				ENABLE_PREVIEWS = YES;
				GENERATE_INFOPLIST_FILE = YES;
				INFOPLIST_KEY_UIApplicationSceneManifest_Generation = YES;
				INFOPLIST_KEY_UIApplicationSupportsIndirectInputEvents = YES;
				INFOPLIST_KEY_UILaunchScreen_Generation = YES;
				INFOPLIST_KEY_UISupportedInterfaceOrientations_iPad = "UIInterfaceOrientationPortrait UIInterfaceOrientationPortraitUpsideDown UIInterfaceOrientationLandscapeLeft UIInterfaceOrientationLandscapeRight";
				INFOPLIST_KEY_UISupportedInterfaceOrientations_iPhone = "UIInterfaceOrientationPortrait UIInterfaceOrientationLandscapeLeft UIInterfaceOrientationLandscapeRight";
				IPHONEOS_DEPLOYMENT_TARGET = 17.6;
				LD_RUNPATH_SEARCH_PATHS = (
					"$(inherited)",
					"@executable_path/Frameworks",
				);
				MARKETING_VERSION = 3.7;
				PRODUCT_BUNDLE_IDENTIFIER = paulserra.ClicProut;
				PRODUCT_NAME = "$(TARGET_NAME)";
				STRING_CATALOG_GENERATE_SYMBOLS = YES;
				SWIFT_APPROACHABLE_CONCURRENCY = YES;
				SWIFT_DEFAULT_ACTOR_ISOLATION = MainActor;
				SWIFT_EMIT_LOC_STRINGS = YES;
				SWIFT_UPCOMING_FEATURE_MEMBER_IMPORT_VISIBILITY = YES;
				SWIFT_VERSION = 5.0;
				TARGETED_DEVICE_FAMILY = "1,2";
			};
			name = Release;
		};
		DAE0EA4D2EEEF6A500A43D8A /* Debug */ = {
			isa = XCBuildConfiguration;
			buildSettings = {
				BUNDLE_LOADER = "$(TEST_HOST)";
				CODE_SIGN_STYLE = Automatic;
				CURRENT_PROJECT_VERSION = 1;
				DEVELOPMENT_TEAM = 62J69A2FA3;
				GENERATE_INFOPLIST_FILE = YES;
				IPHONEOS_DEPLOYMENT_TARGET = 26.1;
				MARKETING_VERSION = 1.0;
				PRODUCT_BUNDLE_IDENTIFIER = paulserra.BoutonProutTests;
				PRODUCT_NAME = "$(TARGET_NAME)";
				STRING_CATALOG_GENERATE_SYMBOLS = NO;
				SWIFT_APPROACHABLE_CONCURRENCY = YES;
				SWIFT_EMIT_LOC_STRINGS = NO;
				SWIFT_UPCOMING_FEATURE_MEMBER_IMPORT_VISIBILITY = YES;
				SWIFT_VERSION = 5.0;
				TARGETED_DEVICE_FAMILY = "1,2";
				TEST_HOST = "$(BUILT_PRODUCTS_DIR)/ClicProut.app/$(BUNDLE_EXECUTABLE_FOLDER_PATH)/ClicProut";
			};
			name = Debug;
		};
		DAE0EA4E2EEEF6A500A43D8A /* Release */ = {
			isa = XCBuildConfiguration;
			buildSettings = {
				BUNDLE_LOADER = "$(TEST_HOST)";
				CODE_SIGN_STYLE = Automatic;
				CURRENT_PROJECT_VERSION = 1;
				DEVELOPMENT_TEAM = 62J69A2FA3;
				GENERATE_INFOPLIST_FILE = YES;
				IPHONEOS_DEPLOYMENT_TARGET = 26.1;
				MARKETING_VERSION = 1.0;
				PRODUCT_BUNDLE_IDENTIFIER = paulserra.BoutonProutTests;
				PRODUCT_NAME = "$(TARGET_NAME)";
				STRING_CATALOG_GENERATE_SYMBOLS = NO;
				SWIFT_APPROACHABLE_CONCURRENCY = YES;
				SWIFT_EMIT_LOC_STRINGS = NO;
				SWIFT_UPCOMING_FEATURE_MEMBER_IMPORT_VISIBILITY = YES;
				SWIFT_VERSION = 5.0;
				TARGETED_DEVICE_FAMILY = "1,2";
				TEST_HOST = "$(BUILT_PRODUCTS_DIR)/ClicProut.app/$(BUNDLE_EXECUTABLE_FOLDER_PATH)/ClicProut";
			};
			name = Release;
		};
		DAE0EA502EEEF6A500A43D8A /* Debug */ = {
			isa = XCBuildConfiguration;
			buildSettings = {
				CODE_SIGN_STYLE = Automatic;
				CURRENT_PROJECT_VERSION = 1;
				DEVELOPMENT_TEAM = 62J69A2FA3;
				GENERATE_INFOPLIST_FILE = YES;
				MARKETING_VERSION = 1.0;
				PRODUCT_BUNDLE_IDENTIFIER = paulserra.BoutonProutUITests;
				PRODUCT_NAME = "$(TARGET_NAME)";
				STRING_CATALOG_GENERATE_SYMBOLS = NO;
				SWIFT_APPROACHABLE_CONCURRENCY = YES;
				SWIFT_EMIT_LOC_STRINGS = NO;
				SWIFT_UPCOMING_FEATURE_MEMBER_IMPORT_VISIBILITY = YES;
				SWIFT_VERSION = 5.0;
				TARGETED_DEVICE_FAMILY = "1,2";
				TEST_TARGET_NAME = BoutonProut;
			};
			name = Debug;
		};
		DAE0EA512EEEF6A500A43D8A /* Release */ = {
			isa = XCBuildConfiguration;
			buildSettings = {
				CODE_SIGN_STYLE = Automatic;
				CURRENT_PROJECT_VERSION = 1;
				DEVELOPMENT_TEAM = 62J69A2FA3;
				GENERATE_INFOPLIST_FILE = YES;
				MARKETING_VERSION = 1.0;
				PRODUCT_BUNDLE_IDENTIFIER = paulserra.BoutonProutUITests;
				PRODUCT_NAME = "$(TARGET_NAME)";
				STRING_CATALOG_GENERATE_SYMBOLS = NO;
				SWIFT_APPROACHABLE_CONCURRENCY = YES;
				SWIFT_EMIT_LOC_STRINGS = NO;
				SWIFT_UPCOMING_FEATURE_MEMBER_IMPORT_VISIBILITY = YES;
				SWIFT_VERSION = 5.0;
				TARGETED_DEVICE_FAMILY = "1,2";
				TEST_TARGET_NAME = BoutonProut;
			};
			name = Release;
		};
/* End XCBuildConfiguration section */

/* Begin XCConfigurationList section */
		DAE0EA232EEEF6A200A43D8A /* Build configuration list for PBXProject "ClicProut" */ = {
			isa = XCConfigurationList;
			buildConfigurations = (
				DAE0EA472EEEF6A500A43D8A /* Debug */,
				DAE0EA482EEEF6A500A43D8A /* Release */,
			);
			defaultConfigurationIsVisible = 0;
			defaultConfigurationName = Release;
		};
		DAE0EA492EEEF6A500A43D8A /* Build configuration list for PBXNativeTarget "ClicProut" */ = {
			isa = XCConfigurationList;
			buildConfigurations = (
				DAE0EA4A2EEEF6A500A43D8A /* Debug */,
				DAE0EA4B2EEEF6A500A43D8A /* Release */,
			);
			defaultConfigurationIsVisible = 0;
			defaultConfigurationName = Release;
		};
		DAE0EA4C2EEEF6A500A43D8A /* Build configuration list for PBXNativeTarget "ClicProutTests" */ = {
			isa = XCConfigurationList;
			buildConfigurations = (
				DAE0EA4D2EEEF6A500A43D8A /* Debug */,
				DAE0EA4E2EEEF6A500A43D8A /* Release */,
			);
			defaultConfigurationIsVisible = 0;
			defaultConfigurationName = Release;
		};
		DAE0EA4F2EEEF6A500A43D8A /* Build configuration list for PBXNativeTarget "ClicProutUITests" */ = {
			isa = XCConfigurationList;
			buildConfigurations = (
				DAE0EA502EEEF6A500A43D8A /* Debug */,
				DAE0EA512EEEF6A500A43D8A /* Release */,
			);
			defaultConfigurationIsVisible = 0;
			defaultConfigurationName = Release;
		};
/* End XCConfigurationList section */

/* Begin XCRemoteSwiftPackageReference section */
		DABAA6862EF05CB6009CEAB4 /* XCRemoteSwiftPackageReference "firebase-ios-sdk" */ = {
			isa = XCRemoteSwiftPackageReference;
			repositoryURL = "https://github.com/firebase/firebase-ios-sdk.git";
			requirement = {
				kind = upToNextMajorVersion;
				minimumVersion = 12.7.0;
			};
		};
/* End XCRemoteSwiftPackageReference section */

/* Begin XCSwiftPackageProductDependency section */
		DA50FAB02EFD658300B3D3C7 /* FirebaseAuth */ = {
			isa = XCSwiftPackageProductDependency;
			package = DABAA6862EF05CB6009CEAB4 /* XCRemoteSwiftPackageReference "firebase-ios-sdk" */;
			productName = FirebaseAuth;
		};
		DABAA6892EF0619E009CEAB4 /* FirebaseCore */ = {
			isa = XCSwiftPackageProductDependency;
			package = DABAA6862EF05CB6009CEAB4 /* XCRemoteSwiftPackageReference "firebase-ios-sdk" */;
			productName = FirebaseCore;
		};
		DABAA68B2EF0619E009CEAB4 /* FirebaseDatabase */ = {
			isa = XCSwiftPackageProductDependency;
			package = DABAA6862EF05CB6009CEAB4 /* XCRemoteSwiftPackageReference "firebase-ios-sdk" */;
			productName = FirebaseDatabase;
		};
/* End XCSwiftPackageProductDependency section */
	};
	rootObject = DAE0EA202EEEF6A200A43D8A /* Project object */;
}
